# This is a Gradle generated file for dependency locking.
# Manual edits can break the build and are not advised.
# This file is expected to be part of source control.
com.diffplug.durian:durian-collect:1.2.0=classpath
com.diffplug.durian:durian-core:1.2.0=classpath
com.diffplug.durian:durian-io:1.2.0=classpath
com.diffplug.spotless:com.diffplug.spotless.gradle.plugin:5.12.4=classpath
com.diffplug.spotless:spotless-lib-extra:2.13.4=classpath
com.diffplug.spotless:spotless-lib:2.13.4=classpath
com.diffplug.spotless:spotless-plugin-gradle:5.12.4=classpath
com.github.shyiko.klob:klob:0.2.1=spotless-1972459172
com.google.code.findbugs:jsr305:3.0.2=spotless1972418317
com.google.errorprone:error_prone_annotations:2.2.0=spotless1972418317
com.google.errorprone:javac-shaded:9+181-r4173-1=spotless1972418317
com.google.googlejavaformat:google-java-format:1.7=spotless1972418317
com.google.guava:failureaccess:1.0.1=spotless1972418317
com.google.guava:guava:27.0.1-jre=spotless1972418317
com.google.guava:listenablefuture:9999.0-empty-to-avoid-conflict-with-guava=spotless1972418317
com.google.j2objc:j2objc-annotations:1.1=spotless1972418317
com.googlecode.concurrent-trees:concurrent-trees:2.6.1=classpath
com.googlecode.javaewah:JavaEWAH:1.1.7=classpath
com.pinterest.ktlint:ktlint-core:0.40.0=spotless-1972459172
com.pinterest.ktlint:ktlint-reporter-baseline:0.40.0=spotless-1972459172
com.pinterest.ktlint:ktlint-reporter-checkstyle:0.40.0=spotless-1972459172
com.pinterest.ktlint:ktlint-reporter-html:0.40.0=spotless-1972459172
com.pinterest.ktlint:ktlint-reporter-json:0.40.0=spotless-1972459172
com.pinterest.ktlint:ktlint-reporter-plain:0.40.0=spotless-1972459172
com.pinterest.ktlint:ktlint-ruleset-experimental:0.40.0=spotless-1972459172
com.pinterest.ktlint:ktlint-ruleset-standard:0.40.0=spotless-1972459172
com.pinterest.ktlint:ktlint-ruleset-test:0.40.0=spotless-1972459172
com.pinterest:ktlint:0.40.0=spotless-1972459172
info.picocli:picocli:3.9.6=spotless-1972459172
net.ltgt.errorprone:net.ltgt.errorprone.gradle.plugin:2.0.1=classpath
net.ltgt.gradle:gradle-errorprone-plugin:2.0.1=classpath
org.checkerframework:checker-qual:2.5.2=spotless1972418317
org.codehaus.groovy:groovy-xml:3.0.7=classpath
org.codehaus.groovy:groovy:3.0.7=classpath
org.codehaus.mojo:animal-sniffer-annotations:1.17=spotless1972418317
org.ec4j.core:ec4j-core:0.2.2=spotless-1972459172
org.eclipse.jgit:org.eclipse.jgit:5.10.0.202012080955-r=classpath
org.jetbrains.intellij.deps:trove4j:1.0.20181211=spotless-1972459172
org.jetbrains.kotlin:kotlin-compiler-embeddable:1.4.10=spotless-1972459172
org.jetbrains.kotlin:kotlin-daemon-embeddable:1.4.10=spotless-1972459172
org.jetbrains.kotlin:kotlin-reflect:1.4.10=spotless-1972459172
org.jetbrains.kotlin:kotlin-script-runtime:1.4.10=spotless-1972459172
org.jetbrains.kotlin:kotlin-stdlib-common:1.4.10=spotless-1972459172
org.jetbrains.kotlin:kotlin-stdlib:1.4.10=spotless-1972459172
org.jetbrains:annotations:13.0=spotless-1972459172
org.slf4j:slf4j-api:1.7.30=classpath
empty=
