# This is a Gradle generated file for dependency locking.
# Manual edits can break the build and are not advised.
# This file is expected to be part of source control.
ant:ant:1.6.5=gwtTestRuntimeClasspath
colt:colt:1.2.0=gwtTestRuntimeClasspath
com.github.ben-manes.caffeine:caffeine:2.7.0=annotationProcessor,errorprone,funcTestAnnotationProcessor,gwtTestAnnotationProcessor,testAnnotationProcessor
com.github.kevinstern:software-and-algorithms:1.0=annotationProcessor,errorprone,funcTestAnnotationProcessor,gwtTestAnnotationProcessor,testAnnotationProcessor
com.github.shyiko.klob:klob:0.2.1=ktlint
com.google.auto.service:auto-service-annotations:1.0-rc7=annotationProcessor,compileClasspath
com.google.auto.service:auto-service:1.0-rc7=annotationProcessor
com.google.auto.value:auto-value-annotations:1.6.3=testCompileClasspath,testRuntimeClasspath
com.google.auto.value:auto-value:1.5.3=testCompileClasspath,testRuntimeClasspath
com.google.auto:auto-common:0.10=annotationProcessor,compileClasspath,errorprone,funcTestAnnotationProcessor,gwtTestAnnotationProcessor,runtimeClasspath,testAnnotationProcessor,testCompileClasspath,testRuntimeClasspath
com.google.code.findbugs:jFormatString:3.0.0=annotationProcessor,errorprone,funcTestAnnotationProcessor,gwtTestAnnotationProcessor,testAnnotationProcessor
com.google.code.findbugs:jsr305:1.3.9=gwtTestRuntimeClasspath
com.google.code.findbugs:jsr305:3.0.2=annotationProcessor,compileClasspath,errorprone,funcTestAnnotationProcessor,gwtTestAnnotationProcessor,runtimeClasspath,testAnnotationProcessor,testCompileClasspath,testRuntimeClasspath
com.google.code.gson:gson:2.6.2=gwtTestRuntimeClasspath
com.google.elemental2:elemental2-core:1.0.0=funcTestRuntimeClasspath,gwtTestRuntimeClasspath
com.google.elemental2:elemental2-dom:1.0.0=funcTestRuntimeClasspath,gwtTestRuntimeClasspath
com.google.elemental2:elemental2-promise:1.0.0=funcTestRuntimeClasspath,gwtTestRuntimeClasspath
com.google.errorprone:error_prone_annotation:2.3.4=annotationProcessor,errorprone,funcTestAnnotationProcessor,gwtTestAnnotationProcessor,testAnnotationProcessor
com.google.errorprone:error_prone_annotations:2.3.4=annotationProcessor,compileClasspath,errorprone,funcTestAnnotationProcessor,gwtTestAnnotationProcessor,runtimeClasspath,testAnnotationProcessor,testCompileClasspath,testRuntimeClasspath
com.google.errorprone:error_prone_check_api:2.3.4=annotationProcessor,errorprone,funcTestAnnotationProcessor,gwtTestAnnotationProcessor,testAnnotationProcessor
com.google.errorprone:error_prone_core:2.3.4=annotationProcessor,errorprone,funcTestAnnotationProcessor,gwtTestAnnotationProcessor,testAnnotationProcessor
com.google.errorprone:error_prone_type_annotations:2.3.4=annotationProcessor,errorprone,funcTestAnnotationProcessor,gwtTestAnnotationProcessor,testAnnotationProcessor
com.google.errorprone:javac:9+181-r4173-1=errorproneJavac
com.google.guava:failureaccess:1.0.1=annotationProcessor,compileClasspath,errorprone,funcTestAnnotationProcessor,gwtTestAnnotationProcessor,runtimeClasspath,testAnnotationProcessor,testCompileClasspath,testRuntimeClasspath
com.google.guava:guava:27.0.1-jre=annotationProcessor,errorprone,testAnnotationProcessor
com.google.guava:guava:29.0-jre=compileClasspath,funcTestAnnotationProcessor,gwtTestAnnotationProcessor,runtimeClasspath,testCompileClasspath,testRuntimeClasspath
com.google.guava:listenablefuture:9999.0-empty-to-avoid-conflict-with-guava=annotationProcessor,compileClasspath,errorprone,funcTestAnnotationProcessor,gwtTestAnnotationProcessor,runtimeClasspath,testAnnotationProcessor,testCompileClasspath,testRuntimeClasspath
com.google.gwt:gwt-dev:2.9.0=gwtTestRuntimeClasspath
com.google.gwt:gwt-user:2.9.0=gwtTestCompileClasspath,gwtTestRuntimeClasspath
com.google.j2objc:j2objc-annotations:1.1=annotationProcessor,errorprone,testAnnotationProcessor
com.google.j2objc:j2objc-annotations:1.3=compileClasspath,funcTestAnnotationProcessor,gwtTestAnnotationProcessor,runtimeClasspath,testCompileClasspath,testRuntimeClasspath
com.google.jsinterop:base:1.0.0=funcTestRuntimeClasspath,gwtTestRuntimeClasspath
com.google.jsinterop:jsinterop-annotations:2.0.0=funcTestRuntimeClasspath,gwtTestCompileClasspath,gwtTestRuntimeClasspath
com.google.protobuf:protobuf-java:3.4.0=annotationProcessor,errorprone,funcTestAnnotationProcessor,gwtTestAnnotationProcessor,testAnnotationProcessor
com.google.testing.compile:compile-testing:0.18=testCompileClasspath,testRuntimeClasspath
com.google.truth:truth:0.44=testCompileClasspath,testRuntimeClasspath
com.googlecode.java-diff-utils:diffutils:1.3.0=annotationProcessor,errorprone,funcTestAnnotationProcessor,gwtTestAnnotationProcessor,testAnnotationProcessor,testCompileClasspath,testRuntimeClasspath
com.ibm.icu:icu4j:63.1=gwtTestRuntimeClasspath
com.pinterest.ktlint:ktlint-core:0.36.0=ktlint
com.pinterest.ktlint:ktlint-reporter-checkstyle:0.36.0=ktlint
com.pinterest.ktlint:ktlint-reporter-html:0.36.0=ktlint
com.pinterest.ktlint:ktlint-reporter-json:0.36.0=ktlint
com.pinterest.ktlint:ktlint-reporter-plain:0.36.0=ktlint
com.pinterest.ktlint:ktlint-ruleset-experimental:0.36.0=ktlint
com.pinterest.ktlint:ktlint-ruleset-standard:0.36.0=ktlint
com.pinterest.ktlint:ktlint-test:0.36.0=ktlint
com.pinterest:ktlint:0.36.0=ktlint
com.squareup:javapoet:1.12.1=compileClasspath,funcTestAnnotationProcessor,gwtTestAnnotationProcessor,runtimeClasspath,testCompileClasspath,testRuntimeClasspath
commons-codec:commons-codec:1.10=gwtTestRuntimeClasspath
commons-collections:commons-collections:3.2.2=gwtTestRuntimeClasspath
commons-io:commons-io:2.4=gwtTestRuntimeClasspath
commons-logging:commons-logging:1.2=gwtTestRuntimeClasspath
info.picocli:picocli:3.9.6=ktlint
javax.annotation:javax.annotation-api:1.2=gwtTestRuntimeClasspath
javax.servlet:javax.servlet-api:3.1.0=gwtTestCompileClasspath,gwtTestRuntimeClasspath
javax.validation:validation-api:1.0.0.GA=gwtTestCompileClasspath,gwtTestRuntimeClasspath
junit:junit:4.12=ktlint
junit:junit:4.13=funcTestCompileClasspath,funcTestRuntimeClasspath,gwtTestCompileClasspath,gwtTestRuntimeClasspath,testCompileClasspath,testRuntimeClasspath
net.bytebuddy:byte-buddy-agent:1.10.5=testCompileClasspath,testRuntimeClasspath
net.bytebuddy:byte-buddy:1.10.5=testCompileClasspath,testRuntimeClasspath
net.ltgt.gradle.incap:incap-processor:0.3=annotationProcessor
net.ltgt.gradle.incap:incap:0.3=annotationProcessor,compileClasspath
net.sourceforge.cssparser:cssparser:0.9.18=gwtTestRuntimeClasspath
net.sourceforge.htmlunit:htmlunit-core-js:2.17=gwtTestRuntimeClasspath
net.sourceforge.htmlunit:htmlunit:2.19=gwtTestRuntimeClasspath
net.sourceforge.nekohtml:nekohtml:1.9.22=gwtTestRuntimeClasspath
org.apache.commons:commons-lang3:3.4=gwtTestRuntimeClasspath
org.apache.httpcomponents:httpclient:4.5.1=gwtTestRuntimeClasspath
org.apache.httpcomponents:httpcore:4.4.3=gwtTestRuntimeClasspath
org.apache.httpcomponents:httpmime:4.5.1=gwtTestRuntimeClasspath
org.assertj:assertj-core:3.12.2=ktlint
org.checkerframework:checker-compat-qual:2.5.5=testCompileClasspath,testRuntimeClasspath
org.checkerframework:checker-qual:2.11.1=compileClasspath,runtimeClasspath,testCompileClasspath,testRuntimeClasspath
org.checkerframework:checker-qual:3.0.0=annotationProcessor,errorprone,funcTestAnnotationProcessor,gwtTestAnnotationProcessor,testAnnotationProcessor
org.checkerframework:dataflow:3.0.0=annotationProcessor,errorprone,funcTestAnnotationProcessor,gwtTestAnnotationProcessor,testAnnotationProcessor
org.checkerframework:javacutil:3.0.0=annotationProcessor,errorprone,funcTestAnnotationProcessor,gwtTestAnnotationProcessor,testAnnotationProcessor
org.codehaus.mojo:animal-sniffer-annotations:1.17=annotationProcessor,errorprone,testAnnotationProcessor
org.ec4j.core:ec4j-core:0.2.0=ktlint
org.eclipse.jetty.toolchain:jetty-schemas:3.1.M0=gwtTestRuntimeClasspath
org.eclipse.jetty.websocket:websocket-api:9.2.13.v20150730=gwtTestRuntimeClasspath
org.eclipse.jetty.websocket:websocket-client:9.2.13.v20150730=gwtTestRuntimeClasspath
org.eclipse.jetty.websocket:websocket-common:9.2.13.v20150730=gwtTestRuntimeClasspath
org.eclipse.jetty:apache-jsp:9.2.14.v20151106=gwtTestRuntimeClasspath
org.eclipse.jetty:jetty-annotations:9.2.14.v20151106=gwtTestRuntimeClasspath
org.eclipse.jetty:jetty-continuation:9.2.14.v20151106=gwtTestRuntimeClasspath
org.eclipse.jetty:jetty-http:9.2.14.v20151106=gwtTestRuntimeClasspath
org.eclipse.jetty:jetty-io:9.2.14.v20151106=gwtTestRuntimeClasspath
org.eclipse.jetty:jetty-jndi:9.2.14.v20151106=gwtTestRuntimeClasspath
org.eclipse.jetty:jetty-plus:9.2.14.v20151106=gwtTestRuntimeClasspath
org.eclipse.jetty:jetty-security:9.2.14.v20151106=gwtTestRuntimeClasspath
org.eclipse.jetty:jetty-server:9.2.14.v20151106=gwtTestRuntimeClasspath
org.eclipse.jetty:jetty-servlet:9.2.14.v20151106=gwtTestRuntimeClasspath
org.eclipse.jetty:jetty-servlets:9.2.14.v20151106=gwtTestRuntimeClasspath
org.eclipse.jetty:jetty-util:9.2.14.v20151106=gwtTestRuntimeClasspath
org.eclipse.jetty:jetty-webapp:9.2.14.v20151106=gwtTestRuntimeClasspath
org.eclipse.jetty:jetty-xml:9.2.14.v20151106=gwtTestRuntimeClasspath
org.gwtproject.event:gwt-event:1.0.0-RC1=funcTestCompileClasspath,funcTestRuntimeClasspath,gwtTestCompileClasspath,gwtTestRuntimeClasspath
org.gwtproject.event:gwt-logical-event:1.0.0-RC1=funcTestCompileClasspath,funcTestRuntimeClasspath,gwtTestCompileClasspath,gwtTestRuntimeClasspath
org.gwtproject.http:gwt-http:1.0.0-RC1=funcTestRuntimeClasspath,gwtTestRuntimeClasspath
org.gwtproject.user.history:gwt-history:1.0.0-RC1=funcTestRuntimeClasspath,gwtTestRuntimeClasspath
org.gwtproject.user.window:gwt-window:1.0.0-RC1=funcTestRuntimeClasspath,gwtTestRuntimeClasspath
org.hamcrest:hamcrest-core:1.3=funcTestCompileClasspath,funcTestRuntimeClasspath,gwtTestCompileClasspath,gwtTestRuntimeClasspath,ktlint,testCompileClasspath,testRuntimeClasspath
org.jetbrains.intellij.deps:trove4j:1.0.20181211=ktlint
org.jetbrains.kotlin:kotlin-compiler-embeddable:1.3.60=ktlint
org.jetbrains.kotlin:kotlin-daemon-embeddable:1.3.60=ktlint
org.jetbrains.kotlin:kotlin-reflect:1.3.60=ktlint
org.jetbrains.kotlin:kotlin-script-runtime:1.3.60=ktlint
org.jetbrains.kotlin:kotlin-stdlib-common:1.3.60=ktlint
org.jetbrains.kotlin:kotlin-stdlib:1.3.60=ktlint
org.jetbrains:annotations:13.0=ktlint
org.mockito:mockito-core:3.3.3=testCompileClasspath,testRuntimeClasspath
org.mortbay.jasper:apache-el:8.0.9.M3=gwtTestRuntimeClasspath
org.mortbay.jasper:apache-jsp:8.0.9.M3=gwtTestRuntimeClasspath
org.objenesis:objenesis:2.6=testCompileClasspath,testRuntimeClasspath
org.ow2.asm:asm-analysis:7.1=gwtTestRuntimeClasspath
org.ow2.asm:asm-commons:7.1=gwtTestRuntimeClasspath
org.ow2.asm:asm-tree:7.1=gwtTestRuntimeClasspath
org.ow2.asm:asm-util:7.1=gwtTestRuntimeClasspath
org.ow2.asm:asm:7.1=gwtTestRuntimeClasspath
org.pcollections:pcollections:2.1.2=annotationProcessor,errorprone,funcTestAnnotationProcessor,gwtTestAnnotationProcessor,testAnnotationProcessor
org.plumelib:plume-util:1.0.6=annotationProcessor,errorprone,funcTestAnnotationProcessor,gwtTestAnnotationProcessor,testAnnotationProcessor
org.plumelib:reflection-util:0.0.2=annotationProcessor,errorprone,funcTestAnnotationProcessor,gwtTestAnnotationProcessor,testAnnotationProcessor
org.plumelib:require-javadoc:0.1.0=annotationProcessor,errorprone,funcTestAnnotationProcessor,gwtTestAnnotationProcessor,testAnnotationProcessor
org.w3c.css:sac:1.3=gwtTestCompileClasspath,gwtTestRuntimeClasspath
tapestry:tapestry:4.0.2=gwtTestRuntimeClasspath
xalan:serializer:2.7.2=gwtTestRuntimeClasspath
xalan:xalan:2.7.2=gwtTestRuntimeClasspath
xerces:xercesImpl:2.11.0=gwtTestRuntimeClasspath
xml-apis:xml-apis:1.4.01=gwtTestRuntimeClasspath
empty=ktlintReporter,ktlintRuleset,signatures
